<?xml version="1.0" encoding="utf-8"?>
<Project ToolsVersion="4.0" xmlns="http://schemas.microsoft.com/developer/msbuild/2003">
  <ItemGroup>
    <Filter Include="Resources">
      <UniqueIdentifier>{67DA6AB6-F800-4c08-8B7A-83BB121AAD01}</UniqueIdentifier>
      <Extensions>rc;ico;cur;bmp;dlg;rc2;rct;bin;rgs;gif;jpg;jpeg;jpe;resx;tiff;tif;png;wav;mfcribbon-ms</Extensions>
    </Filter>
    <Filter Include="HLSL">
      <UniqueIdentifier>{6d3de936-a1c4-47b8-99e6-3c7c87badcc1}</UniqueIdentifier>
    </Filter>
    <Filter Include="External">
      <UniqueIdentifier>{3201d2b1-7fd7-40ef-8067-f8e8d6d6c6f3}</UniqueIdentifier>
    </Filter>
    <Filter Include="External\ImGui">
      <UniqueIdentifier>{108b8ab5-7893-4878-9e1c-9663cf8248c1}</UniqueIdentifier>
    </Filter>
    <Filter Include="HLSL\Primitive">
      <UniqueIdentifier>{4d99313b-4861-440e-977a-6d945f11b9b2}</UniqueIdentifier>
    </Filter>
    <Filter Include="HLSL\Sprite">
      <UniqueIdentifier>{0f025619-5ac7-4e3d-8340-fe0df8f43738}</UniqueIdentifier>
    </Filter>
    <Filter Include="HLSL\DebugRenderer">
      <UniqueIdentifier>{128764d4-a76b-4dcc-93be-18a9f24474c4}</UniqueIdentifier>
    </Filter>
    <Filter Include="HLSL\SkyMap">
      <UniqueIdentifier>{5dd1d7ad-7af5-4d60-b850-444d0e0ece97}</UniqueIdentifier>
    </Filter>
    <Filter Include="HLSL\GeometricPrimitive">
      <UniqueIdentifier>{bf192150-5498-4410-8c2e-1e6a9ac01154}</UniqueIdentifier>
    </Filter>
    <Filter Include="HLSL\MeshRenderer">
      <UniqueIdentifier>{a717d989-3675-4dee-aa89-742acb960267}</UniqueIdentifier>
    </Filter>
    <Filter Include="HLSL\InstancedMesh">
      <UniqueIdentifier>{14bfe087-77e8-49fe-9e50-58b3a10aa002}</UniqueIdentifier>
    </Filter>
    <Filter Include="HLSL\PostEffect">
      <UniqueIdentifier>{79b5f20e-d7da-44ea-aa0e-74767082051b}</UniqueIdentifier>
    </Filter>
    <Filter Include="HLSL\PBR">
      <UniqueIdentifier>{20944dc9-f4b5-4892-af20-cfeed624858d}</UniqueIdentifier>
    </Filter>
    <Filter Include="HLSL\Particle">
      <UniqueIdentifier>{6dcda56d-75f5-4188-be33-1d20a130e683}</UniqueIdentifier>
    </Filter>
    <Filter Include="Library">
      <UniqueIdentifier>{fff8a176-8648-4f24-ab63-f817bc5191ba}</UniqueIdentifier>
    </Filter>
    <Filter Include="Library\Graphics">
      <UniqueIdentifier>{29536bf9-654c-4e9c-8fe8-d57a7f8e21e2}</UniqueIdentifier>
    </Filter>
    <Filter Include="Library\Library">
      <UniqueIdentifier>{5b037b9a-0c24-4b21-a1cf-212cd32051c7}</UniqueIdentifier>
    </Filter>
    <Filter Include="Library\Math">
      <UniqueIdentifier>{ed09f621-e815-4fff-bf10-af290af250fd}</UniqueIdentifier>
    </Filter>
    <Filter Include="Library\ImGui">
      <UniqueIdentifier>{4bff9f88-0429-4be5-bb2e-0a609a624fba}</UniqueIdentifier>
    </Filter>
    <Filter Include="Library\Scene">
      <UniqueIdentifier>{15a240df-cb6e-4573-a763-978e073c5b45}</UniqueIdentifier>
    </Filter>
    <Filter Include="Library\Algorithm">
      <UniqueIdentifier>{8840d7da-62f4-44ad-b1ee-3e73a40c1aa9}</UniqueIdentifier>
    </Filter>
    <Filter Include="Library\Input">
      <UniqueIdentifier>{16bb2597-88c1-4675-8f46-c32ac54de5d5}</UniqueIdentifier>
    </Filter>
    <Filter Include="Library\GameObject">
      <UniqueIdentifier>{a05d1e17-4166-4f68-8dcf-88690c214cb6}</UniqueIdentifier>
    </Filter>
    <Filter Include="Library\Audio">
      <UniqueIdentifier>{70e6bcae-d815-4b9a-839c-64600561d5da}</UniqueIdentifier>
    </Filter>
    <Filter Include="Sources">
      <UniqueIdentifier>{6c750f60-4b19-435b-9f65-2d055c777eed}</UniqueIdentifier>
    </Filter>
    <Filter Include="Sources\Behavior">
      <UniqueIdentifier>{617ddd54-542b-439a-a3ab-4bf8091f28d1}</UniqueIdentifier>
    </Filter>
    <Filter Include="Sources\Behavior\Player">
      <UniqueIdentifier>{a1500aa3-7c03-4af4-b8f6-67496988b0ca}</UniqueIdentifier>
    </Filter>
    <Filter Include="Library\Physics">
      <UniqueIdentifier>{e714475f-3790-4d90-b9f8-9b2ec6e86d71}</UniqueIdentifier>
    </Filter>
    <Filter Include="Sources\Behavior\Enemy">
      <UniqueIdentifier>{bade1f00-eebe-4667-b114-4259449f99bb}</UniqueIdentifier>
    </Filter>
    <Filter Include="Sources\Behavior\Stage">
      <UniqueIdentifier>{58e4aa1a-0111-4b3f-b357-8b1aeafc5d95}</UniqueIdentifier>
    </Filter>
    <Filter Include="Sources\Component">
      <UniqueIdentifier>{0f160692-4ac2-4e16-b21e-f26028e6f63f}</UniqueIdentifier>
    </Filter>
    <Filter Include="Sources\Eraser">
      <UniqueIdentifier>{885a3f88-9d07-43aa-8140-5af5297f3c8d}</UniqueIdentifier>
    </Filter>
    <Filter Include="HLSL\VideoTexture">
      <UniqueIdentifier>{6e94a158-6ee3-43dc-bcd0-f4357ff83630}</UniqueIdentifier>
    </Filter>
    <Filter Include="Sources\Behavior\UI">
      <UniqueIdentifier>{e6d9c4c2-5812-4bb2-86d1-b808158b1d87}</UniqueIdentifier>
    </Filter>
  </ItemGroup>
  <ItemGroup>
    <ResourceCompile Include="3dgp.rc">
      <Filter>Resources</Filter>
    </ResourceCompile>
  </ItemGroup>
  <ItemGroup>
    <ClInclude Include="resource.h">
      <Filter>Resources</Filter>
    </ClInclude>
    <ClInclude Include="External\ImGui\imconfig.h">
      <Filter>External\ImGui</Filter>
    </ClInclude>
    <ClInclude Include="External\ImGui\imgui.h">
      <Filter>External\ImGui</Filter>
    </ClInclude>
    <ClInclude Include="External\ImGui\imgui_impl_dx11.h">
      <Filter>External\ImGui</Filter>
    </ClInclude>
    <ClInclude Include="External\ImGui\imgui_impl_win32.h">
      <Filter>External\ImGui</Filter>
    </ClInclude>
    <ClInclude Include="External\ImGui\imgui_internal.h">
      <Filter>External\ImGui</Filter>
    </ClInclude>
    <ClInclude Include="External\ImGui\imstb_rectpack.h">
      <Filter>External\ImGui</Filter>
    </ClInclude>
    <ClInclude Include="External\ImGui\imstb_textedit.h">
      <Filter>External\ImGui</Filter>
    </ClInclude>
    <ClInclude Include="External\ImGui\imstb_truetype.h">
      <Filter>External\ImGui</Filter>
    </ClInclude>
    <ClInclude Include="Library\Scene\SceneExperiment.h">
      <Filter>Library\Scene</Filter>
    </ClInclude>
    <ClInclude Include="Library\Scene\SceneLoading.h">
      <Filter>Library\Scene</Filter>
    </ClInclude>
    <ClInclude Include="Library\Scene\SceneManager.h">
      <Filter>Library\Scene</Filter>
    </ClInclude>
    <ClInclude Include="Library\Scene\SceneModelEditor.h">
      <Filter>Library\Scene</Filter>
    </ClInclude>
    <ClInclude Include="Library\Scene\SceneTitle.h">
      <Filter>Library\Scene</Filter>
    </ClInclude>
    <ClInclude Include="Library\Math\Matrix.h">
      <Filter>Library\Math</Filter>
    </ClInclude>
    <ClInclude Include="Library\Math\Vector.h">
      <Filter>Library\Math</Filter>
    </ClInclude>
    <ClInclude Include="Library\Library\Application.h">
      <Filter>Library\Library</Filter>
    </ClInclude>
    <ClInclude Include="Library\Library\Camera.h">
      <Filter>Library\Library</Filter>
    </ClInclude>
    <ClInclude Include="Library\Library\CameraManager.h">
      <Filter>Library\Library</Filter>
    </ClInclude>
    <ClInclude Include="Library\Library\FileManager.h">
      <Filter>Library\Library</Filter>
    </ClInclude>
    <ClInclude Include="Library\Library\Framework.h">
      <Filter>Library\Library</Filter>
    </ClInclude>
    <ClInclude Include="Library\Library\HighResolutionTimer.h">
      <Filter>Library\Library</Filter>
    </ClInclude>
    <ClInclude Include="Library\Library\Library.h">
      <Filter>Library\Library</Filter>
    </ClInclude>
    <ClInclude Include="Library\Library\Misc.h">
      <Filter>Library\Library</Filter>
    </ClInclude>
    <ClInclude Include="Library\Input\InputManager.h">
      <Filter>Library\Input</Filter>
    </ClInclude>
    <ClInclude Include="Library\ImGui\ImGuiManager.h">
      <Filter>Library\ImGui</Filter>
    </ClInclude>
    <ClInclude Include="Library\Graphics\DebugLineRenderer.h">
      <Filter>Library\Graphics</Filter>
    </ClInclude>
    <ClInclude Include="Library\Graphics\DebugRenderer.h">
      <Filter>Library\Graphics</Filter>
    </ClInclude>
    <ClInclude Include="Library\Graphics\FrameBuffer.h">
      <Filter>Library\Graphics</Filter>
    </ClInclude>
    <ClInclude Include="Library\Graphics\GeometricPrimitiveBatch.h">
      <Filter>Library\Graphics</Filter>
    </ClInclude>
    <ClInclude Include="Library\Graphics\Graphics.h">
      <Filter>Library\Graphics</Filter>
    </ClInclude>
    <ClInclude Include="Library\Graphics\InstancedMesh.h">
      <Filter>Library\Graphics</Filter>
    </ClInclude>
    <ClInclude Include="Library\Graphics\LightingManager.h">
      <Filter>Library\Graphics</Filter>
    </ClInclude>
    <ClInclude Include="Library\Graphics\MeshRenderer.h">
      <Filter>Library\Graphics</Filter>
    </ClInclude>
    <ClInclude Include="Library\Graphics\ModelManager.h">
      <Filter>Library\Graphics</Filter>
    </ClInclude>
    <ClInclude Include="Library\Graphics\Particle.h">
      <Filter>Library\Graphics</Filter>
    </ClInclude>
    <ClInclude Include="Library\Graphics\Primitive.h">
      <Filter>Library\Graphics</Filter>
    </ClInclude>
    <ClInclude Include="Library\Graphics\PrimitiveBatch.h">
      <Filter>Library\Graphics</Filter>
    </ClInclude>
    <ClInclude Include="Library\Graphics\Shader.h">
      <Filter>Library\Graphics</Filter>
    </ClInclude>
    <ClInclude Include="Library\Graphics\ShadowMap.h">
      <Filter>Library\Graphics</Filter>
    </ClInclude>
    <ClInclude Include="Library\Graphics\SkyMap.h">
      <Filter>Library\Graphics</Filter>
    </ClInclude>
    <ClInclude Include="Library\Graphics\SpriteRenderer.h">
      <Filter>Library\Graphics</Filter>
    </ClInclude>
    <ClInclude Include="Library\Graphics\TextureManager.h">
      <Filter>Library\Graphics</Filter>
    </ClInclude>
    <ClInclude Include="Library\GameObject\BehaviorManager.h">
      <Filter>Library\GameObject</Filter>
    </ClInclude>
    <ClInclude Include="Library\GameObject\CameraBehavior.h">
      <Filter>Library\GameObject</Filter>
    </ClInclude>
    <ClInclude Include="Library\GameObject\GameObject.h">
      <Filter>Library\GameObject</Filter>
    </ClInclude>
    <ClInclude Include="Library\Audio\Audio.h">
      <Filter>Library\Audio</Filter>
    </ClInclude>
    <ClInclude Include="Library\Algorithm\PerlinNoise.h">
      <Filter>Library\Algorithm</Filter>
    </ClInclude>
    <ClInclude Include="Library\Physics\Collision.h">
      <Filter>Library\Physics</Filter>
    </ClInclude>
    <ClInclude Include="Sources\Behavior\Enemy\EnemyBehavior.h">
      <Filter>Sources\Behavior\Enemy</Filter>
    </ClInclude>
    <ClInclude Include="Sources\Behavior\Enemy\EnemySpawnerBehavior.h">
      <Filter>Sources\Behavior\Enemy</Filter>
    </ClInclude>
    <ClInclude Include="Sources\Behavior\Player\BulletBehavior.h">
      <Filter>Sources\Behavior\Player</Filter>
    </ClInclude>
    <ClInclude Include="Sources\Behavior\Player\PlayerBehavior.h">
      <Filter>Sources\Behavior\Player</Filter>
    </ClInclude>
    <ClInclude Include="Sources\Behavior\Stage\StageBehavior.h">
      <Filter>Sources\Behavior\Stage</Filter>
    </ClInclude>
    <ClInclude Include="Library\Scene\SceneGame.h">
      <Filter>Library\Scene</Filter>
    </ClInclude>
    <ClInclude Include="Library\GameObject\EraserManager.h">
      <Filter>Library\GameObject</Filter>
    </ClInclude>
    <ClInclude Include="Sources\Eraser\SceneEraser.h">
      <Filter>Sources\Eraser</Filter>
    </ClInclude>
    <ClInclude Include="Sources\Behavior\Player\AttackGaugeBehavior.h">
      <Filter>Sources\Behavior\Player</Filter>
    </ClInclude>
    <ClInclude Include="Sources\Component\Component.h">
      <Filter>Sources\Component</Filter>
    </ClInclude>
    <ClInclude Include="Sources\EventManager.h">
      <Filter>Sources</Filter>
    </ClInclude>
    <ClInclude Include="Library\Scene\SceneOver.h">
      <Filter>Library\Scene</Filter>
    </ClInclude>
    <ClInclude Include="Library\Scene\SceneClear.h">
      <Filter>Library\Scene</Filter>
    </ClInclude>
    <ClInclude Include="Library\GameObject\ParticleBehavior.h">
      <Filter>Library\GameObject</Filter>
    </ClInclude>
    <ClInclude Include="Sources\Behavior\GameCamera.h">
      <Filter>Sources</Filter>
    </ClInclude>
    <ClInclude Include="Library\Graphics\VideoTexture.h">
      <Filter>Library\Graphics</Filter>
    </ClInclude>
    <ClInclude Include="Sources\Behavior\UI\PauseBehavior.h">
      <Filter>Sources\Behavior\UI</Filter>
    </ClInclude>
    <ClInclude Include="Sources\Behavior\UI\LifeGaugeBehavior.h">
      <Filter>Sources\Behavior\UI</Filter>
    </ClInclude>
    <ClInclude Include="Sources\Behavior\Player\LaserBehavior.h">
      <Filter>Sources\Behavior\Player</Filter>
    </ClInclude>
    <ClInclude Include="Library\Graphics\Effect.h">
      <Filter>Library\Graphics</Filter>
    </ClInclude>
    <ClInclude Include="Library\Graphics\EffectManager.h">
      <Filter>Library\Graphics</Filter>
    </ClInclude>
    <ClInclude Include="Library\Math\Easing.h">
      <Filter>Library\Math</Filter>
    </ClInclude>
    <ClInclude Include="Sources\Behavior\UI\WaveUIBehavior.h">
      <Filter>Sources\Behavior\UI</Filter>
    </ClInclude>
    <ClInclude Include="Sources\Behavior\UI\ButtonBehavior.h">
      <Filter>Sources\Behavior\UI</Filter>
    </ClInclude>
    <ClInclude Include="Sources\ParameterManager.h">
      <Filter>Sources</Filter>
    </ClInclude>
    <ClInclude Include="Sources\Behavior\UI\ItemUIBehavior.h">
      <Filter>Sources\Behavior\UI</Filter>
    </ClInclude>
    <ClInclude Include="Library\Scene\SceneBegin.h">
      <Filter>Library\Scene</Filter>
    </ClInclude>
    <ClInclude Include="Library\Scene\SceneResult.h">
      <Filter>Library\Scene</Filter>
    </ClInclude>
    <ClInclude Include="Sources\Behavior\UI\TitleUIBehavior.h" />
    <ClInclude Include="Sources\Behavior\EffectBehavior.h">
      <Filter>Sources\Behavior</Filter>
    </ClInclude>
    <ClInclude Include="Sources\Behavior\UI\ResultUIBehavior.h" />
    <ClInclude Include="Sources\Behavior\VideoBehavior.h" />
  </ItemGroup>
  <ItemGroup>
    <ClCompile Include="External\ImGui\imgui.cpp">
      <Filter>External\ImGui</Filter>
    </ClCompile>
    <ClCompile Include="External\ImGui\imgui_draw.cpp">
      <Filter>External\ImGui</Filter>
    </ClCompile>
    <ClCompile Include="External\ImGui\imgui_impl_dx11.cpp">
      <Filter>External\ImGui</Filter>
    </ClCompile>
    <ClCompile Include="External\ImGui\imgui_impl_win32.cpp">
      <Filter>External\ImGui</Filter>
    </ClCompile>
    <ClCompile Include="External\ImGui\imgui_ja_gryph_ranges.cpp">
      <Filter>External\ImGui</Filter>
    </ClCompile>
    <ClCompile Include="External\ImGui\imgui_widgets.cpp">
      <Filter>External\ImGui</Filter>
    </ClCompile>
    <ClCompile Include="Library\Scene\SceneExperiment.cpp">
      <Filter>Library\Scene</Filter>
    </ClCompile>
    <ClCompile Include="Library\Scene\SceneLoading.cpp">
      <Filter>Library\Scene</Filter>
    </ClCompile>
    <ClCompile Include="Library\Scene\SceneManager.cpp">
      <Filter>Library\Scene</Filter>
    </ClCompile>
    <ClCompile Include="Library\Scene\SceneModelEditor.cpp">
      <Filter>Library\Scene</Filter>
    </ClCompile>
    <ClCompile Include="Library\Scene\SceneTitle.cpp">
      <Filter>Library\Scene</Filter>
    </ClCompile>
    <ClCompile Include="Library\Math\Matrix.cpp">
      <Filter>Library\Math</Filter>
    </ClCompile>
    <ClCompile Include="Library\Math\Vector.cpp">
      <Filter>Library\Math</Filter>
    </ClCompile>
    <ClCompile Include="Library\Library\Application.cpp">
      <Filter>Library\Library</Filter>
    </ClCompile>
    <ClCompile Include="Library\Library\Camera.cpp">
      <Filter>Library\Library</Filter>
    </ClCompile>
    <ClCompile Include="Library\Library\CameraManager.cpp">
      <Filter>Library\Library</Filter>
    </ClCompile>
    <ClCompile Include="Library\Library\FileManager.cpp">
      <Filter>Library\Library</Filter>
    </ClCompile>
    <ClCompile Include="Library\Library\Framework.cpp">
      <Filter>Library\Library</Filter>
    </ClCompile>
    <ClCompile Include="Library\Library\Library.cpp">
      <Filter>Library\Library</Filter>
    </ClCompile>
    <ClCompile Include="Library\Library\Main.cpp">
      <Filter>Library\Library</Filter>
    </ClCompile>
    <ClCompile Include="Library\Input\InputManager.cpp">
      <Filter>Library\Input</Filter>
    </ClCompile>
    <ClCompile Include="Library\ImGui\ImGuiManager.cpp">
      <Filter>Library\ImGui</Filter>
    </ClCompile>
    <ClCompile Include="Library\Graphics\DebugLineRenderer.cpp">
      <Filter>Library\Graphics</Filter>
    </ClCompile>
    <ClCompile Include="Library\Graphics\DebugRenderer.cpp">
      <Filter>Library\Graphics</Filter>
    </ClCompile>
    <ClCompile Include="Library\Graphics\FrameBuffer.cpp">
      <Filter>Library\Graphics</Filter>
    </ClCompile>
    <ClCompile Include="Library\Graphics\GeometricPrimitiveBatch.cpp">
      <Filter>Library\Graphics</Filter>
    </ClCompile>
    <ClCompile Include="Library\Graphics\Graphics.cpp">
      <Filter>Library\Graphics</Filter>
    </ClCompile>
    <ClCompile Include="Library\Graphics\InstancedMesh.cpp">
      <Filter>Library\Graphics</Filter>
    </ClCompile>
    <ClCompile Include="Library\Graphics\LightingManager.cpp">
      <Filter>Library\Graphics</Filter>
    </ClCompile>
    <ClCompile Include="Library\Graphics\MeshRenderer.cpp">
      <Filter>Library\Graphics</Filter>
    </ClCompile>
    <ClCompile Include="Library\Graphics\ModelManager.cpp">
      <Filter>Library\Graphics</Filter>
    </ClCompile>
    <ClCompile Include="Library\Graphics\Particle.cpp">
      <Filter>Library\Graphics</Filter>
    </ClCompile>
    <ClCompile Include="Library\Graphics\Primitive.cpp">
      <Filter>Library\Graphics</Filter>
    </ClCompile>
    <ClCompile Include="Library\Graphics\PrimitiveBatch.cpp">
      <Filter>Library\Graphics</Filter>
    </ClCompile>
    <ClCompile Include="Library\Graphics\Shader.cpp">
      <Filter>Library\Graphics</Filter>
    </ClCompile>
    <ClCompile Include="Library\Graphics\ShadowMap.cpp">
      <Filter>Library\Graphics</Filter>
    </ClCompile>
    <ClCompile Include="Library\Graphics\SkyMap.cpp">
      <Filter>Library\Graphics</Filter>
    </ClCompile>
    <ClCompile Include="Library\Graphics\SpriteRenderer.cpp">
      <Filter>Library\Graphics</Filter>
    </ClCompile>
    <ClCompile Include="Library\Graphics\TextureManager.cpp">
      <Filter>Library\Graphics</Filter>
    </ClCompile>
    <ClCompile Include="Library\GameObject\BehaviorManager.cpp">
      <Filter>Library\GameObject</Filter>
    </ClCompile>
    <ClCompile Include="Library\GameObject\CameraBehavior.cpp">
      <Filter>Library\GameObject</Filter>
    </ClCompile>
    <ClCompile Include="Library\GameObject\GameObject.cpp">
      <Filter>Library\GameObject</Filter>
    </ClCompile>
    <ClCompile Include="Library\Audio\Audio.cpp">
      <Filter>Library\Audio</Filter>
    </ClCompile>
    <ClCompile Include="Library\Algorithm\PerlinNoise.cpp">
      <Filter>Library\Algorithm</Filter>
    </ClCompile>
    <ClCompile Include="Library\Physics\Collision.cpp">
      <Filter>Library\Physics</Filter>
    </ClCompile>
    <ClCompile Include="Sources\Behavior\Enemy\EnemyBehavior.cpp">
      <Filter>Sources\Behavior\Enemy</Filter>
    </ClCompile>
    <ClCompile Include="Sources\Behavior\Enemy\EnemySpawnerBehavior.cpp">
      <Filter>Sources\Behavior\Enemy</Filter>
    </ClCompile>
    <ClCompile Include="Sources\Behavior\Player\BulletBehavior.cpp">
      <Filter>Sources\Behavior\Player</Filter>
    </ClCompile>
    <ClCompile Include="Sources\Behavior\Player\PlayerBehavior.cpp">
      <Filter>Sources\Behavior\Player</Filter>
    </ClCompile>
    <ClCompile Include="Sources\Behavior\Stage\StageBehavior.cpp">
      <Filter>Sources\Behavior\Stage</Filter>
    </ClCompile>
    <ClCompile Include="Library\Scene\SceneGame.cpp">
      <Filter>Library\Scene</Filter>
    </ClCompile>
    <ClCompile Include="Library\GameObject\EraserManager.cpp">
      <Filter>Library\GameObject</Filter>
    </ClCompile>
    <ClCompile Include="Sources\Eraser\SceneEraser.cpp">
      <Filter>Sources\Eraser</Filter>
    </ClCompile>
    <ClCompile Include="Sources\Behavior\Player\AttackGaugeBehavior.cpp">
      <Filter>Sources\Behavior\Player</Filter>
    </ClCompile>
    <ClCompile Include="Sources\Component\Component.cpp">
      <Filter>Sources\Component</Filter>
    </ClCompile>
    <ClCompile Include="Sources\EventManager.cpp">
      <Filter>Sources</Filter>
    </ClCompile>
    <ClCompile Include="Library\Scene\SceneOver.cpp">
      <Filter>Library\Scene</Filter>
    </ClCompile>
    <ClCompile Include="Library\Scene\SceneClear.cpp">
      <Filter>Library\Scene</Filter>
    </ClCompile>
    <ClCompile Include="Library\GameObject\ParticleBehavior.cpp">
      <Filter>Library\GameObject</Filter>
    </ClCompile>
    <ClCompile Include="Sources\Behavior\GameCamera.cpp">
      <Filter>Sources</Filter>
    </ClCompile>
    <ClCompile Include="Library\Graphics\VideoTexture.cpp">
      <Filter>Library\Graphics</Filter>
    </ClCompile>
    <ClCompile Include="Sources\Behavior\UI\PauseBehavior.cpp">
      <Filter>Sources\Behavior\UI</Filter>
    </ClCompile>
    <ClCompile Include="Sources\Behavior\UI\LifeGaugeBehavior.cpp">
      <Filter>Sources\Behavior\UI</Filter>
    </ClCompile>
    <ClCompile Include="Sources\Behavior\Player\LaserBehavior.cpp">
      <Filter>Sources\Behavior\Player</Filter>
    </ClCompile>
    <ClCompile Include="Library\Graphics\Effect.cpp">
      <Filter>Library\Graphics</Filter>
    </ClCompile>
    <ClCompile Include="Library\Graphics\EffectManager.cpp">
      <Filter>Library\Graphics</Filter>
    </ClCompile>
    <ClCompile Include="Sources\ParameterManager.cpp">
      <Filter>Sources</Filter>
    </ClCompile>
    <ClCompile Include="Library\Math\Easing.cpp">
      <Filter>Library\Math</Filter>
    </ClCompile>
    <ClCompile Include="Sources\Behavior\UI\WaveUIBehavior.cpp">
      <Filter>Sources\Behavior\UI</Filter>
    </ClCompile>
    <ClCompile Include="Sources\Behavior\UI\ButtonBehavior.cpp">
      <Filter>Sources\Behavior\UI</Filter>
    </ClCompile>
    <ClCompile Include="Sources\Behavior\UI\ItemUIBehavior.cpp">
      <Filter>Sources\Behavior\UI</Filter>
    </ClCompile>
    <ClCompile Include="Library\Scene\SceneBegin.cpp">
      <Filter>Library\Scene</Filter>
    </ClCompile>
    <ClCompile Include="Library\Scene\SceneResult.cpp">
      <Filter>Library\Scene</Filter>
    </ClCompile>
    <ClCompile Include="Sources\Behavior\UI\TitleUIBehavior.cpp" />
    <ClCompile Include="Sources\Behavior\EffectBehavior.cpp">
      <Filter>Sources\Behavior</Filter>
    </ClCompile>
    <ClCompile Include="Sources\Behavior\UI\ResultUIBehavior.cpp" />
    <ClCompile Include="Sources\Behavior\VideoBehavior.cpp" />
  </ItemGroup>
  <ItemGroup>
    <None Include="HLSL\Primitive.hlsli">
      <Filter>HLSL\Primitive</Filter>
    </None>
    <None Include="HLSL\SpriteRenderer.hlsli">
      <Filter>HLSL\Sprite</Filter>
    </None>
    <None Include="HLSL\Constant.hlsli">
      <Filter>HLSL</Filter>
    </None>
    <None Include="HLSL\Common.hlsli">
      <Filter>HLSL</Filter>
    </None>
    <None Include="HLSL\DebugRenderer.hlsli">
      <Filter>HLSL\DebugRenderer</Filter>
    </None>
    <None Include="HLSL\MeshRenderer.hlsli">
      <Filter>HLSL\MeshRenderer</Filter>
    </None>
    <None Include="HLSL\SkyMap.hlsli">
      <Filter>HLSL\SkyMap</Filter>
    </None>
    <None Include="HLSL\PrimitiveBatch.hlsli">
      <Filter>HLSL\Primitive</Filter>
    </None>
    <None Include="HLSL\GeometricPrimitive.hlsli">
      <Filter>HLSL\GeometricPrimitive</Filter>
    </None>
    <None Include="HLSL\InstancedMesh.hlsli">
      <Filter>HLSL\InstancedMesh</Filter>
    </None>
    <None Include="HLSL\PostEffect.hlsli">
      <Filter>HLSL\PostEffect</Filter>
    </None>
    <None Include="HLSL\Particle.hlsli">
      <Filter>HLSL\Particle</Filter>
    </None>
  </ItemGroup>
  <ItemGroup>
    <FxCompile Include="HLSL\Primitive_PS.hlsl">
      <Filter>HLSL\Primitive</Filter>
    </FxCompile>
    <FxCompile Include="HLSL\Primitive_VS.hlsl">
      <Filter>HLSL\Primitive</Filter>
    </FxCompile>
    <FxCompile Include="HLSL\SpriteRenderer_PS.hlsl">
      <Filter>HLSL\Sprite</Filter>
    </FxCompile>
    <FxCompile Include="HLSL\SpriteRenderer_VS.hlsl">
      <Filter>HLSL\Sprite</Filter>
    </FxCompile>
    <FxCompile Include="HLSL\SpriteRenderer3D_VS.hlsl">
      <Filter>HLSL\Sprite</Filter>
    </FxCompile>
    <FxCompile Include="HLSL\DebugRenderer_PS.hlsl">
      <Filter>HLSL\DebugRenderer</Filter>
    </FxCompile>
    <FxCompile Include="HLSL\DebugRenderer_VS.hlsl">
      <Filter>HLSL\DebugRenderer</Filter>
    </FxCompile>
    <FxCompile Include="HLSL\MeshRenderer_PS.hlsl">
      <Filter>HLSL\MeshRenderer</Filter>
    </FxCompile>
    <FxCompile Include="HLSL\MeshRenderer_VS.hlsl">
      <Filter>HLSL\MeshRenderer</Filter>
    </FxCompile>
    <FxCompile Include="HLSL\SkyBox_PS.hlsl">
      <Filter>HLSL\SkyMap</Filter>
    </FxCompile>
    <FxCompile Include="HLSL\SkyMap_PS.hlsl">
      <Filter>HLSL\SkyMap</Filter>
    </FxCompile>
    <FxCompile Include="HLSL\SkyMap_VS.hlsl">
      <Filter>HLSL\SkyMap</Filter>
    </FxCompile>
    <FxCompile Include="HLSL\PrimitiveBatch_VS.hlsl">
      <Filter>HLSL\Primitive</Filter>
    </FxCompile>
    <FxCompile Include="HLSL\PrimitiveBatch_PS.hlsl">
      <Filter>HLSL\Primitive</Filter>
    </FxCompile>
    <FxCompile Include="HLSL\GeometricPrimitive_VS.hlsl">
      <Filter>HLSL\GeometricPrimitive</Filter>
    </FxCompile>
    <FxCompile Include="HLSL\GeometricPrimitive_PS.hlsl">
      <Filter>HLSL\GeometricPrimitive</Filter>
    </FxCompile>
    <FxCompile Include="HLSL\DebugRenderer2D_VS.hlsl">
      <Filter>HLSL\DebugRenderer</Filter>
    </FxCompile>
    <FxCompile Include="HLSL\InstancedMesh_VS.hlsl">
      <Filter>HLSL\InstancedMesh</Filter>
    </FxCompile>
    <FxCompile Include="HLSL\InstancedMesh_PS.hlsl">
      <Filter>HLSL\InstancedMesh</Filter>
    </FxCompile>
    <FxCompile Include="HLSL\Monochrome.hlsl">
      <Filter>HLSL\PostEffect</Filter>
    </FxCompile>
    <FxCompile Include="HLSL\AverageBlur.hlsl">
      <Filter>HLSL\PostEffect</Filter>
    </FxCompile>
    <FxCompile Include="HLSL\HorizontalBlur_VS.hlsl">
      <Filter>HLSL\PostEffect</Filter>
    </FxCompile>
    <FxCompile Include="HLSL\VerticalBlur_VS.hlsl">
      <Filter>HLSL\PostEffect</Filter>
    </FxCompile>
    <FxCompile Include="HLSL\GaussianBlur_PS.hlsl">
      <Filter>HLSL\PostEffect</Filter>
    </FxCompile>
    <FxCompile Include="HLSL\LuminanceExtraction.hlsl">
      <Filter>HLSL\PostEffect</Filter>
    </FxCompile>
    <FxCompile Include="HLSL\Bloom.hlsl">
      <Filter>HLSL\PostEffect</Filter>
    </FxCompile>
    <FxCompile Include="HLSL\PBR.hlsl">
      <Filter>HLSL\PBR</Filter>
    </FxCompile>
    <FxCompile Include="HLSL\Particle_CS.hlsl">
      <Filter>HLSL\Particle</Filter>
    </FxCompile>
    <FxCompile Include="HLSL\Particle_GS.hlsl">
      <Filter>HLSL\Particle</Filter>
    </FxCompile>
    <FxCompile Include="HLSL\Particle_PS.hlsl">
      <Filter>HLSL\Particle</Filter>
    </FxCompile>
    <FxCompile Include="HLSL\Particle_VS.hlsl">
      <Filter>HLSL\Particle</Filter>
    </FxCompile>
    <FxCompile Include="HLSL\ParticleInitializer_CS.hlsl">
      <Filter>HLSL\Particle</Filter>
    </FxCompile>
    <FxCompile Include="HLSL\Video_PS.hlsl">
      <Filter>HLSL\VideoTexture</Filter>
    </FxCompile>
  </ItemGroup>
</Project>